// !$*UTF8*$!
{
	archiveVersion = 1;
	classes = {
	};
	objectVersion = 46;
	objects = {

/* Begin PBXBuildFile section */
		1F2D5B8B1C761B7D005AEBDB /* Pokemon.swift in Sources */ = {isa = PBXBuildFile; fileRef = 1F2D5B8A1C761B7D005AEBDB /* Pokemon.swift */; };
		1F79FCEF1C74B962008B4067 /* pokemon.csv in Resources */ = {isa = PBXBuildFile; fileRef = 1F79FCEE1C74B962008B4067 /* pokemon.csv */; };
		1FA658931C73C7EF005247A7 /* AppDelegate.swift in Sources */ = {isa = PBXBuildFile; fileRef = 1FA658921C73C7EF005247A7 /* AppDelegate.swift */; };
		1FA658951C73C7EF005247A7 /* ViewController.swift in Sources */ = {isa = PBXBuildFile; fileRef = 1FA658941C73C7EF005247A7 /* ViewController.swift */; };
		1FA658981C73C7EF005247A7 /* Main.storyboard in Resources */ = {isa = PBXBuildFile; fileRef = 1FA658961C73C7EF005247A7 /* Main.storyboard */; };
		1FA6589B1C73C7EF005247A7 /* pokedex.xcdatamodeld in Sources */ = {isa = PBXBuildFile; fileRef = 1FA658991C73C7EF005247A7 /* pokedex.xcdatamodeld */; };
		1FA6589D1C73C7EF005247A7 /* Assets.xcassets in Resources */ = {isa = PBXBuildFile; fileRef = 1FA6589C1C73C7EF005247A7 /* Assets.xcassets */; };
		1FA658A01C73C7EF005247A7 /* LaunchScreen.storyboard in Resources */ = {isa = PBXBuildFile; fileRef = 1FA6589E1C73C7EF005247A7 /* LaunchScreen.storyboard */; };
/* End PBXBuildFile section */

/* Begin PBXFileReference section */
		1F2D5B8A1C761B7D005AEBDB /* Pokemon.swift */ = {isa = PBXFileReference; fileEncoding = 4; lastKnownFileType = sourcecode.swift; path = Pokemon.swift; sourceTree = "<group>"; };
		1F79FCEE1C74B962008B4067 /* pokemon.csv */ = {isa = PBXFileReference; fileEncoding = 4; lastKnownFileType = text; path = pokemon.csv; sourceTree = "<group>"; };
		1FA6588F1C73C7EF005247A7 /* pokedex.app */ = {isa = PBXFileReference; explicitFileType = wrapper.application; includeInIndex = 0; path = pokedex.app; sourceTree = BUILT_PRODUCTS_DIR; };
		1FA658921C73C7EF005247A7 /* AppDelegate.swift */ = {isa = PBXFileReference; lastKnownFileType = sourcecode.swift; path = AppDelegate.swift; sourceTree = "<group>"; };
		1FA658941C73C7EF005247A7 /* ViewController.swift */ = {isa = PBXFileReference; lastKnownFileType = sourcecode.swift; path = ViewController.swift; sourceTree = "<group>"; };
		1FA658971C73C7EF005247A7 /* Base */ = {isa = PBXFileReference; lastKnownFileType = file.storyboard; name = Base; path = Base.lproj/Main.storyboard; sourceTree = "<group>"; };
		1FA6589A1C73C7EF005247A7 /* pokedex.xcdatamodel */ = {isa = PBXFileReference; lastKnownFileType = wrapper.xcdatamodel; path = pokedex.xcdatamodel; sourceTree = "<group>"; };
		1FA6589C1C73C7EF005247A7 /* Assets.xcassets */ = {isa = PBXFileReference; lastKnownFileType = folder.assetcatalog; path = Assets.xcassets; sourceTree = "<group>"; };
		1FA6589F1C73C7EF005247A7 /* Base */ = {isa = PBXFileReference; lastKnownFileType = file.storyboard; name = Base; path = Base.lproj/LaunchScreen.storyboard; sourceTree = "<group>"; };
		1FA658A11C73C7EF005247A7 /* Info.plist */ = {isa = PBXFileReference; lastKnownFileType = text.plist.xml; path = Info.plist; sourceTree = "<group>"; };
/* End PBXFileReference section */

/* Begin PBXFrameworksBuildPhase section */
		1FA6588C1C73C7EF005247A7 /* Frameworks */ = {
			isa = PBXFrameworksBuildPhase;
			buildActionMask = 2147483647;
			files = (
			);
			runOnlyForDeploymentPostprocessing = 0;
		};
/* End PBXFrameworksBuildPhase section */

/* Begin PBXGroup section */
		1F2D5B871C761B22005AEBDB /* Model */ = {
			isa = PBXGroup;
			children = (
				1F2D5B8A1C761B7D005AEBDB /* Pokemon.swift */,
			);
			name = Model;
			sourceTree = "<group>";
		};
		1F2D5B881C761B2D005AEBDB /* View */ = {
			isa = PBXGroup;
			children = (
			);
			name = View;
			sourceTree = "<group>";
		};
		1F2D5B891C761B3A005AEBDB /* Controller */ = {
			isa = PBXGroup;
			children = (
			);
			name = Controller;
			sourceTree = "<group>";
		};
		1FA658861C73C7EF005247A7 = {
			isa = PBXGroup;
			children = (
				1F2D5B871C761B22005AEBDB /* Model */,
				1F2D5B881C761B2D005AEBDB /* View */,
				1F2D5B891C761B3A005AEBDB /* Controller */,
				1FA658911C73C7EF005247A7 /* pokedex */,
				1FA658901C73C7EF005247A7 /* Products */,
			);
			sourceTree = "<group>";
		};
		1FA658901C73C7EF005247A7 /* Products */ = {
			isa = PBXGroup;
			children = (
				1FA6588F1C73C7EF005247A7 /* pokedex.app */,
			);
			name = Products;
			sourceTree = "<group>";
		};
		1FA658911C73C7EF005247A7 /* pokedex */ = {
			isa = PBXGroup;
			children = (
				1FA658921C73C7EF005247A7 /* AppDelegate.swift */,
				1FA658941C73C7EF005247A7 /* ViewController.swift */,
				1F79FCEE1C74B962008B4067 /* pokemon.csv */,
				1FA658961C73C7EF005247A7 /* Main.storyboard */,
				1FA6589C1C73C7EF005247A7 /* Assets.xcassets */,
				1FA6589E1C73C7EF005247A7 /* LaunchScreen.storyboard */,
				1FA658A11C73C7EF005247A7 /* Info.plist */,
				1FA658991C73C7EF005247A7 /* pokedex.xcdatamodeld */,
			);
			path = pokedex;
			sourceTree = "<group>";
		};
/* End PBXGroup section */

/* Begin PBXNativeTarget section */
		1FA6588E1C73C7EF005247A7 /* pokedex */ = {
			isa = PBXNativeTarget;
			buildConfigurationList = 1FA658A41C73C7EF005247A7 /* Build configuration list for PBXNativeTarget "pokedex" */;
			buildPhases = (
				1FA6588B1C73C7EF005247A7 /* Sources */,
				1FA6588C1C73C7EF005247A7 /* Frameworks */,
				1FA6588D1C73C7EF005247A7 /* Resources */,
			);
			buildRules = (
			);
			dependencies = (
			);
			name = pokedex;
			productName = pokedex;
			productReference = 1FA6588F1C73C7EF005247A7 /* pokedex.app */;
			productType = "com.apple.product-type.application";
		};
/* End PBXNativeTarget section */

/* Begin PBXProject section */
		1FA658871C73C7EF005247A7 /* Project object */ = {
			isa = PBXProject;
			attributes = {
				LastSwiftUpdateCheck = 0720;
				LastUpgradeCheck = 0720;
				ORGANIZATIONNAME = "Александр Сабри";
				TargetAttributes = {
					1FA6588E1C73C7EF005247A7 = {
						CreatedOnToolsVersion = 7.2;
						DevelopmentTeam = X7ZJL9MMJ6;
					};
				};
			};
			buildConfigurationList = 1FA6588A1C73C7EF005247A7 /* Build configuration list for PBXProject "pokedex" */;
			compatibilityVersion = "Xcode 3.2";
			developmentRegion = English;
			hasScannedForEncodings = 0;
			knownRegions = (
				en,
				Base,
			);
			mainGroup = 1FA658861C73C7EF005247A7;
			productRefGroup = 1FA658901C73C7EF005247A7 /* Products */;
			projectDirPath = "";
			projectRoot = "";
			targets = (
				1FA6588E1C73C7EF005247A7 /* pokedex */,
			);
		};
/* End PBXProject section */

/* Begin PBXResourcesBuildPhase section */
		1FA6588D1C73C7EF005247A7 /* Resources */ = {
			isa = PBXResourcesBuildPhase;
			buildActionMask = 2147483647;
			files = (
				1FA658A01C73C7EF005247A7 /* LaunchScreen.storyboard in Resources */,
				1FA6589D1C73C7EF005247A7 /* Assets.xcassets in Resources */,
				1F79FCEF1C74B962008B4067 /* pokemon.csv in Resources */,
				1FA658981C73C7EF005247A7 /* Main.storyboard in Resources */,
			);
			runOnlyForDeploymentPostprocessing = 0;
		};
/* End PBXResourcesBuildPhase section */

/* Begin PBXSourcesBuildPhase section */
		1FA6588B1C73C7EF005247A7 /* Sources */ = {
			isa = PBXSourcesBuildPhase;
			buildActionMask = 2147483647;
			files = (
				1FA6589B1C73C7EF005247A7 /* pokedex.xcdatamodeld in Sources */,
				1F2D5B8B1C761B7D005AEBDB /* Pokemon.swift in Sources */,
				1FA658951C73C7EF005247A7 /* ViewController.swift in Sources */,
				1FA658931C73C7EF005247A7 /* AppDelegate.swift in Sources */,
			);
			runOnlyForDeploymentPostprocessing = 0;
		};
/* End PBXSourcesBuildPhase section */

/* Begin PBXVariantGroup section */
		1FA658961C73C7EF005247A7 /* Main.storyboard */ = {
			isa = PBXVariantGroup;
			children = (
				1FA658971C73C7EF005247A7 /* Base */,
			);
			name = Main.storyboard;
			sourceTree = "<group>";
		};
		1FA6589E1C73C7EF005247A7 /* LaunchScreen.storyboard */ = {
			isa = PBXVariantGroup;
			children = (
				1FA6589F1C73C7EF005247A7 /* Base */,
			);
			name = LaunchScreen.storyboard;
			sourceTree = "<group>";
		};
/* End PBXVariantGroup section */

/* Begin XCBuildConfiguration section */
		1FA658A21C73C7EF005247A7 /* Debug */ = {
			isa = XCBuildConfiguration;
			buildSettings = {
				ALWAYS_SEARCH_USER_PATHS = NO;
				CLANG_CXX_LANGUAGE_STANDARD = "gnu++0x";
				CLANG_CXX_LIBRARY = "libc++";
				CLANG_ENABLE_MODULES = YES;
				CLANG_ENABLE_OBJC_ARC = YES;
				CLANG_WARN_BOOL_CONVERSION = YES;
				CLANG_WARN_CONSTANT_CONVERSION = YES;
				CLANG_WARN_DIRECT_OBJC_ISA_USAGE = YES_ERROR;
				CLANG_WARN_EMPTY_BODY = YES;
				CLANG_WARN_ENUM_CONVERSION = YES;
				CLANG_WARN_INT_CONVERSION = YES;
				CLANG_WARN_OBJC_ROOT_CLASS = YES_ERROR;
				CLANG_WARN_UNREACHABLE_CODE = YES;
				CLANG_WARN__DUPLICATE_METHOD_MATCH = YES;
				"CODE_SIGN_IDENTITY[sdk=iphoneos*]" = "iPhone Developer";
				COPY_PHASE_STRIP = NO;
				DEBUG_INFORMATION_FORMAT = dwarf;
				ENABLE_STRICT_OBJC_MSGSEND = YES;
				ENABLE_TESTABILITY = YES;
				GCC_C_LANGUAGE_STANDARD = gnu99;
				GCC_DYNAMIC_NO_PIC = NO;
				GCC_NO_COMMON_BLOCKS = YES;
				GCC_OPTIMIZATION_LEVEL = 0;
				GCC_PREPROCESSOR_DEFINITIONS = (
					"DEBUG=1",
					"$(inherited)",
				);
				GCC_WARN_64_TO_32_BIT_CONVERSION = YES;
				GCC_WARN_ABOUT_RETURN_TYPE = YES_ERROR;
				GCC_WARN_UNDECLARED_SELECTOR = YES;
				GCC_WARN_UNINITIALIZED_AUTOS = YES_AGGRESSIVE;
				GCC_WARN_UNUSED_FUNCTION = YES;
				GCC_WARN_UNUSED_VARIABLE = YES;
				IPHONEOS_DEPLOYMENT_TARGET = 9.2;
				MTL_ENABLE_DEBUG_INFO = YES;
				ONLY_ACTIVE_ARCH = YES;
				SDKROOT = iphoneos;
				SWIFT_OPTIMIZATION_LEVEL = "-Onone";
			};
			name = Debug;
		};
		1FA658A31C73C7EF005247A7 /* Release */ = {
			isa = XCBuildConfiguration;
			buildSettings = {
				ALWAYS_SEARCH_USER_PATHS = NO;
				CLANG_CXX_LANGUAGE_STANDARD = "gnu++0x";
				CLANG_CXX_LIBRARY = "libc++";
				CLANG_ENABLE_MODULES = YES;
				CLANG_ENABLE_OBJC_ARC = YES;
				CLANG_WARN_BOOL_CONVERSION = YES;
				CLANG_WARN_CONSTANT_CONVERSION = YES;
				CLANG_WARN_DIRECT_OBJC_ISA_USAGE = YES_ERROR;
				CLANG_WARN_EMPTY_BODY = YES;
				CLANG_WARN_ENUM_CONVERSION = YES;
				CLANG_WARN_INT_CONVERSION = YES;
				CLANG_WARN_OBJC_ROOT_CLASS = YES_ERROR;
				CLANG_WARN_UNREACHABLE_CODE = YES;
				CLANG_WARN__DUPLICATE_METHOD_MATCH = YES;
				"CODE_SIGN_IDENTITY[sdk=iphoneos*]" = "iPhone Developer";
				COPY_PHASE_STRIP = NO;
				DEBUG_INFORMATION_FORMAT = "dwarf-with-dsym";
				ENABLE_NS_ASSERTIONS = NO;
				ENABLE_STRICT_OBJC_MSGSEND = YES;
				GCC_C_LANGUAGE_STANDARD = gnu99;
				GCC_NO_COMMON_BLOCKS = YES;
				GCC_WARN_64_TO_32_BIT_CONVERSION = YES;
				GCC_WARN_ABOUT_RETURN_TYPE = YES_ERROR;
				GCC_WARN_UNDECLARED_SELECTOR = YES;
				GCC_WARN_UNINITIALIZED_AUTOS = YES_AGGRESSIVE;
				GCC_WARN_UNUSED_FUNCTION = YES;
				GCC_WARN_UNUSED_VARIABLE = YES;
				IPHONEOS_DEPLOYMENT_TARGET = 9.2;
				MTL_ENABLE_DEBUG_INFO = NO;
				SDKROOT = iphoneos;
				VALIDATE_PRODUCT = YES;
			};
			name = Release;
		};
		1FA658A51C73C7EF005247A7 /* Debug */ = {
			isa = XCBuildConfiguration;
			buildSettings = {
				ASSETCATALOG_COMPILER_APPICON_NAME = AppIcon;
				INFOPLIST_FILE = pokedex/Info.plist;
				LD_RUNPATH_SEARCH_PATHS = "$(inherited) @executable_path/Frameworks";
				PRODUCT_BUNDLE_IDENTIFIER = co.thenine.pokedex;
				PRODUCT_NAME = "$(TARGET_NAME)";
			};
			name = Debug;
		};
		1FA658A61C73C7EF005247A7 /* Release */ = {
			isa = XCBuildConfiguration;
			buildSettings = {
				ASSETCATALOG_COMPILER_APPICON_NAME = AppIcon;
				INFOPLIST_FILE = pokedex/Info.plist;
				LD_RUNPATH_SEARCH_PATHS = "$(inherited) @executable_path/Frameworks";
				PRODUCT_BUNDLE_IDENTIFIER = co.thenine.pokedex;
				PRODUCT_NAME = "$(TARGET_NAME)";
			};
			name = Release;
		};
/* End XCBuildConfiguration section */

/* Begin XCConfigurationList section */
		1FA6588A1C73C7EF005247A7 /* Build configuration list for PBXProject "pokedex" */ = {
			isa = XCConfigurationList;
			buildConfigurations = (
				1FA658A21C73C7EF005247A7 /* Debug */,
				1FA658A31C73C7EF005247A7 /* Release */,
			);
			defaultConfigurationIsVisible = 0;
			defaultConfigurationName = Release;
		};
		1FA658A41C73C7EF005247A7 /* Build configuration list for PBXNativeTarget "pokedex" */ = {
			isa = XCConfigurationList;
			buildConfigurations = (
				1FA658A51C73C7EF005247A7 /* Debug */,
				1FA658A61C73C7EF005247A7 /* Release */,
			);
			defaultConfigurationIsVisible = 0;
			defaultConfigurationName = Release;
		};
/* End XCConfigurationList section */

/* Begin XCVersionGroup section */
		1FA658991C73C7EF005247A7 /* pokedex.xcdatamodeld */ = {
			isa = XCVersionGroup;
			children = (
				1FA6589A1C73C7EF005247A7 /* pokedex.xcdatamodel */,
			);
			currentVersion = 1FA6589A1C73C7EF005247A7 /* pokedex.xcdatamodel */;
			path = pokedex.xcdatamodeld;
			sourceTree = "<group>";
			versionGroupType = wrapper.xcdatamodel;
		};
/* End XCVersionGroup section */
	};
	rootObject = 1FA658871C73C7EF005247A7 /* Project object */;
}
